
Microsoft Visual Studio Solution File, Format Version 12.00
# Visual Studio 15
VisualStudioVersion = 15.0.27428.2027
MinimumVisualStudioVersion = 10.0.40219.1
Project("{FAE04EC0-301F-11D3-BF4B-00C04F79EFBC}") = "ArduinoTemperatura", "ArduinoTemperatura\ArduinoTemperatura.csproj", "{79B910D1-75A3-49D1-A831-220D01E6E860}"
EndProject
Global
	GlobalSection(SolutionConfigurationPlatforms) = preSolution
		Debug|Any CPU = Debug|Any CPU
		Release|Any CPU = Release|Any CPU
	EndGlobalSection
	GlobalSection(ProjectConfigurationPlatforms) = postSolution
		{79B910D1-75A3-49D1-A831-220D01E6E860}.Debug|Any CPU.ActiveCfg = Debug|Any CPU
		{79B910D1-75A3-49D1-A831-220D01E6E860}.Debug|Any CPU.Build.0 = Debug|Any CPU
		{79B910D1-75A3-49D1-A831-220D01E6E860}.Release|Any CPU.ActiveCfg = Release|Any CPU
		{79B910D1-75A3-49D1-A831-220D01E6E860}.Release|Any CPU.Build.0 = Release|Any CPU
	EndGlobalSection
	GlobalSection(SolutionProperties) = preSolution
		HideSolutionNode = FALSE
	EndGlobalSection
	GlobalSection(ExtensibilityGlobals) = postSolution
		SolutionGuid = {51DDED42-9181-46AB-A64D-59AD1033E23E}
	EndGlobalSection
EndGlobal
